// !$*UTF8*$!
{
	archiveVersion = 1;
	classes = {
	};
	objectVersion = 46;
	objects = {

/* Begin PBXBuildFile section */
		082516BA1CD0657B00B0E7B3 /* main.m in Sources */ = {isa = PBXBuildFile; fileRef = 082516B91CD0657B00B0E7B3 /* main.m */; };
		082516BD1CD0657B00B0E7B3 /* AppDelegate.m in Sources */ = {isa = PBXBuildFile; fileRef = 082516BC1CD0657B00B0E7B3 /* AppDelegate.m */; };
		082516C01CD0657B00B0E7B3 /* ViewController.m in Sources */ = {isa = PBXBuildFile; fileRef = 082516BF1CD0657B00B0E7B3 /* ViewController.m */; };
		082516C51CD0657B00B0E7B3 /* Assets.xcassets in Resources */ = {isa = PBXBuildFile; fileRef = 082516C41CD0657B00B0E7B3 /* Assets.xcassets */; };
		082516C81CD0657B00B0E7B3 /* LaunchScreen.storyboard in Resources */ = {isa = PBXBuildFile; fileRef = 082516C61CD0657B00B0E7B3 /* LaunchScreen.storyboard */; };
		082516D91CD065A400B0E7B3 /* ALView+PureLayout.m in Sources */ = {isa = PBXBuildFile; fileRef = 082516D11CD065A400B0E7B3 /* ALView+PureLayout.m */; };
		082516DA1CD065A400B0E7B3 /* NSArray+PureLayout.m in Sources */ = {isa = PBXBuildFile; fileRef = 082516D31CD065A400B0E7B3 /* NSArray+PureLayout.m */; };
		082516DB1CD065A400B0E7B3 /* NSLayoutConstraint+PureLayout.m in Sources */ = {isa = PBXBuildFile; fileRef = 082516D51CD065A400B0E7B3 /* NSLayoutConstraint+PureLayout.m */; };
/* End PBXBuildFile section */

/* Begin PBXFileReference section */
		082516B51CD0657B00B0E7B3 /* ScrollViewLayoutInPurecode.app */ = {isa = PBXFileReference; explicitFileType = wrapper.application; includeInIndex = 0; path = ScrollViewLayoutInPurecode.app; sourceTree = BUILT_PRODUCTS_DIR; };
		082516B91CD0657B00B0E7B3 /* main.m */ = {isa = PBXFileReference; lastKnownFileType = sourcecode.c.objc; path = main.m; sourceTree = "<group>"; };
		082516BB1CD0657B00B0E7B3 /* AppDelegate.h */ = {isa = PBXFileReference; lastKnownFileType = sourcecode.c.h; path = AppDelegate.h; sourceTree = "<group>"; };
		082516BC1CD0657B00B0E7B3 /* AppDelegate.m */ = {isa = PBXFileReference; lastKnownFileType = sourcecode.c.objc; path = AppDelegate.m; sourceTree = "<group>"; };
		082516BE1CD0657B00B0E7B3 /* ViewController.h */ = {isa = PBXFileReference; lastKnownFileType = sourcecode.c.h; path = ViewController.h; sourceTree = "<group>"; };
		082516BF1CD0657B00B0E7B3 /* ViewController.m */ = {isa = PBXFileReference; lastKnownFileType = sourcecode.c.objc; path = ViewController.m; sourceTree = "<group>"; };
		082516C41CD0657B00B0E7B3 /* Assets.xcassets */ = {isa = PBXFileReference; lastKnownFileType = folder.assetcatalog; path = Assets.xcassets; sourceTree = "<group>"; };
		082516C71CD0657B00B0E7B3 /* Base */ = {isa = PBXFileReference; lastKnownFileType = file.storyboard; name = Base; path = Base.lproj/LaunchScreen.storyboard; sourceTree = "<group>"; };
		082516C91CD0657B00B0E7B3 /* Info.plist */ = {isa = PBXFileReference; lastKnownFileType = text.plist.xml; path = Info.plist; sourceTree = "<group>"; };
		082516D01CD065A400B0E7B3 /* ALView+PureLayout.h */ = {isa = PBXFileReference; fileEncoding = 4; lastKnownFileType = sourcecode.c.h; path = "ALView+PureLayout.h"; sourceTree = "<group>"; };
		082516D11CD065A400B0E7B3 /* ALView+PureLayout.m */ = {isa = PBXFileReference; fileEncoding = 4; lastKnownFileType = sourcecode.c.objc; path = "ALView+PureLayout.m"; sourceTree = "<group>"; };
		082516D21CD065A400B0E7B3 /* NSArray+PureLayout.h */ = {isa = PBXFileReference; fileEncoding = 4; lastKnownFileType = sourcecode.c.h; path = "NSArray+PureLayout.h"; sourceTree = "<group>"; };
		082516D31CD065A400B0E7B3 /* NSArray+PureLayout.m */ = {isa = PBXFileReference; fileEncoding = 4; lastKnownFileType = sourcecode.c.objc; path = "NSArray+PureLayout.m"; sourceTree = "<group>"; };
		082516D41CD065A400B0E7B3 /* NSLayoutConstraint+PureLayout.h */ = {isa = PBXFileReference; fileEncoding = 4; lastKnownFileType = sourcecode.c.h; path = "NSLayoutConstraint+PureLayout.h"; sourceTree = "<group>"; };
		082516D51CD065A400B0E7B3 /* NSLayoutConstraint+PureLayout.m */ = {isa = PBXFileReference; fileEncoding = 4; lastKnownFileType = sourcecode.c.objc; path = "NSLayoutConstraint+PureLayout.m"; sourceTree = "<group>"; };
		082516D61CD065A400B0E7B3 /* PureLayout+Internal.h */ = {isa = PBXFileReference; fileEncoding = 4; lastKnownFileType = sourcecode.c.h; path = "PureLayout+Internal.h"; sourceTree = "<group>"; };
		082516D71CD065A400B0E7B3 /* PureLayout.h */ = {isa = PBXFileReference; fileEncoding = 4; lastKnownFileType = sourcecode.c.h; path = PureLayout.h; sourceTree = "<group>"; };
		082516D81CD065A400B0E7B3 /* PureLayoutDefines.h */ = {isa = PBXFileReference; fileEncoding = 4; lastKnownFileType = sourcecode.c.h; path = PureLayoutDefines.h; sourceTree = "<group>"; };
/* End PBXFileReference section */

/* Begin PBXFrameworksBuildPhase section */
		082516B21CD0657B00B0E7B3 /* Frameworks */ = {
			isa = PBXFrameworksBuildPhase;
			buildActionMask = 2147483647;
			files = (
			);
			runOnlyForDeploymentPostprocessing = 0;
		};
/* End PBXFrameworksBuildPhase section */

/* Begin PBXGroup section */
		082516AC1CD0657B00B0E7B3 = {
			isa = PBXGroup;
			children = (
				082516B71CD0657B00B0E7B3 /* ScrollViewLayoutInPurecode */,
				082516B61CD0657B00B0E7B3 /* Products */,
			);
			sourceTree = "<group>";
		};
		082516B61CD0657B00B0E7B3 /* Products */ = {
			isa = PBXGroup;
			children = (
				082516B51CD0657B00B0E7B3 /* ScrollViewLayoutInPurecode.app */,
			);
			name = Products;
			sourceTree = "<group>";
		};
		082516B71CD0657B00B0E7B3 /* ScrollViewLayoutInPurecode */ = {
			isa = PBXGroup;
			children = (
				082516CF1CD065A400B0E7B3 /* PureLayout */,
				082516BB1CD0657B00B0E7B3 /* AppDelegate.h */,
				082516BC1CD0657B00B0E7B3 /* AppDelegate.m */,
				082516BE1CD0657B00B0E7B3 /* ViewController.h */,
				082516BF1CD0657B00B0E7B3 /* ViewController.m */,
				082516C41CD0657B00B0E7B3 /* Assets.xcassets */,
				082516C61CD0657B00B0E7B3 /* LaunchScreen.storyboard */,
				082516C91CD0657B00B0E7B3 /* Info.plist */,
				082516B81CD0657B00B0E7B3 /* Supporting Files */,
			);
			path = ScrollViewLayoutInPurecode;
			sourceTree = "<group>";
		};
		082516B81CD0657B00B0E7B3 /* Supporting Files */ = {
			isa = PBXGroup;
			children = (
				082516B91CD0657B00B0E7B3 /* main.m */,
			);
			name = "Supporting Files";
			sourceTree = "<group>";
		};
		082516CF1CD065A400B0E7B3 /* PureLayout */ = {
			isa = PBXGroup;
			children = (
				082516D01CD065A400B0E7B3 /* ALView+PureLayout.h */,
				082516D11CD065A400B0E7B3 /* ALView+PureLayout.m */,
				082516D21CD065A400B0E7B3 /* NSArray+PureLayout.h */,
				082516D31CD065A400B0E7B3 /* NSArray+PureLayout.m */,
				082516D41CD065A400B0E7B3 /* NSLayoutConstraint+PureLayout.h */,
				082516D51CD065A400B0E7B3 /* NSLayoutConstraint+PureLayout.m */,
				082516D61CD065A400B0E7B3 /* PureLayout+Internal.h */,
				082516D71CD065A400B0E7B3 /* PureLayout.h */,
				082516D81CD065A400B0E7B3 /* PureLayoutDefines.h */,
			);
			path = PureLayout;
			sourceTree = "<group>";
		};
/* End PBXGroup section */

/* Begin PBXNativeTarget section */
		082516B41CD0657B00B0E7B3 /* ScrollViewLayoutInPurecode */ = {
			isa = PBXNativeTarget;
			buildConfigurationList = 082516CC1CD0657B00B0E7B3 /* Build configuration list for PBXNativeTarget "ScrollViewLayoutInPurecode" */;
			buildPhases = (
				082516B11CD0657B00B0E7B3 /* Sources */,
				082516B21CD0657B00B0E7B3 /* Frameworks */,
				082516B31CD0657B00B0E7B3 /* Resources */,
			);
			buildRules = (
			);
			dependencies = (
			);
			name = ScrollViewLayoutInPurecode;
			productName = ScrollViewLayoutInPurecode;
			productReference = 082516B51CD0657B00B0E7B3 /* ScrollViewLayoutInPurecode.app */;
			productType = "com.apple.product-type.application";
		};
/* End PBXNativeTarget section */

/* Begin PBXProject section */
		082516AD1CD0657B00B0E7B3 /* Project object */ = {
			isa = PBXProject;
			attributes = {
				LastUpgradeCheck = 0730;
				ORGANIZATIONNAME = AlexYang;
				TargetAttributes = {
					082516B41CD0657B00B0E7B3 = {
						CreatedOnToolsVersion = 7.3;
					};
				};
			};
			buildConfigurationList = 082516B01CD0657B00B0E7B3 /* Build configuration list for PBXProject "ScrollViewLayoutInPurecode" */;
			compatibilityVersion = "Xcode 3.2";
			developmentRegion = English;
			hasScannedForEncodings = 0;
			knownRegions = (
				en,
				Base,
			);
			mainGroup = 082516AC1CD0657B00B0E7B3;
			productRefGroup = 082516B61CD0657B00B0E7B3 /* Products */;
			projectDirPath = "";
			projectRoot = "";
			targets = (
				082516B41CD0657B00B0E7B3 /* ScrollViewLayoutInPurecode */,
			);
		};
/* End PBXProject section */

/* Begin PBXResourcesBuildPhase section */
		082516B31CD0657B00B0E7B3 /* Resources */ = {
			isa = PBXResourcesBuildPhase;
			buildActionMask = 2147483647;
			files = (
				082516C81CD0657B00B0E7B3 /* LaunchScreen.storyboard in Resources */,
				082516C51CD0657B00B0E7B3 /* Assets.xcassets in Resources */,
			);
			runOnlyForDeploymentPostprocessing = 0;
		};
/* End PBXResourcesBuildPhase section */

/* Begin PBXSourcesBuildPhase section */
		082516B11CD0657B00B0E7B3 /* Sources */ = {
			isa = PBXSourcesBuildPhase;
			buildActionMask = 2147483647;
			files = (
				082516C01CD0657B00B0E7B3 /* ViewController.m in Sources */,
				082516BD1CD0657B00B0E7B3 /* AppDelegate.m in Sources */,
				082516BA1CD0657B00B0E7B3 /* main.m in Sources */,
				082516D91CD065A400B0E7B3 /* ALView+PureLayout.m in Sources */,
				082516DA1CD065A400B0E7B3 /* NSArray+PureLayout.m in Sources */,
				082516DB1CD065A400B0E7B3 /* NSLayoutConstraint+PureLayout.m in Sources */,
			);
			runOnlyForDeploymentPostprocessing = 0;
		};
/* End PBXSourcesBuildPhase section */

/* Begin PBXVariantGroup section */
		082516C61CD0657B00B0E7B3 /* LaunchScreen.storyboard */ = {
			isa = PBXVariantGroup;
			children = (
				082516C71CD0657B00B0E7B3 /* Base */,
			);
			name = LaunchScreen.storyboard;
			sourceTree = "<group>";
		};
/* End PBXVariantGroup section */

/* Begin XCBuildConfiguration section */
		082516CA1CD0657B00B0E7B3 /* Debug */ = {
			isa = XCBuildConfiguration;
			buildSettings = {
				ALWAYS_SEARCH_USER_PATHS = NO;
				CLANG_ANALYZER_NONNULL = YES;
				CLANG_CXX_LANGUAGE_STANDARD = "gnu++0x";
				CLANG_CXX_LIBRARY = "libc++";
				CLANG_ENABLE_MODULES = YES;
				CLANG_ENABLE_OBJC_ARC = YES;
				CLANG_WARN_BOOL_CONVERSION = YES;
				CLANG_WARN_CONSTANT_CONVERSION = YES;
				CLANG_WARN_DIRECT_OBJC_ISA_USAGE = YES_ERROR;
				CLANG_WARN_EMPTY_BODY = YES;
				CLANG_WARN_ENUM_CONVERSION = YES;
				CLANG_WARN_INT_CONVERSION = YES;
				CLANG_WARN_OBJC_ROOT_CLASS = YES_ERROR;
				CLANG_WARN_UNREACHABLE_CODE = YES;
				CLANG_WARN__DUPLICATE_METHOD_MATCH = YES;
				"CODE_SIGN_IDENTITY[sdk=iphoneos*]" = "iPhone Developer";
				COPY_PHASE_STRIP = NO;
				DEBUG_INFORMATION_FORMAT = dwarf;
				ENABLE_STRICT_OBJC_MSGSEND = YES;
				ENABLE_TESTABILITY = YES;
				GCC_C_LANGUAGE_STANDARD = gnu99;
				GCC_DYNAMIC_NO_PIC = NO;
				GCC_NO_COMMON_BLOCKS = YES;
				GCC_OPTIMIZATION_LEVEL = 0;
				GCC_PREPROCESSOR_DEFINITIONS = (
					"DEBUG=1",
					"$(inherited)",
				);
				GCC_WARN_64_TO_32_BIT_CONVERSION = YES;
				GCC_WARN_ABOUT_RETURN_TYPE = YES_ERROR;
				GCC_WARN_UNDECLARED_SELECTOR = YES;
				GCC_WARN_UNINITIALIZED_AUTOS = YES_AGGRESSIVE;
				GCC_WARN_UNUSED_FUNCTION = YES;
				GCC_WARN_UNUSED_VARIABLE = YES;
				IPHONEOS_DEPLOYMENT_TARGET = 9.3;
				MTL_ENABLE_DEBUG_INFO = YES;
				ONLY_ACTIVE_ARCH = YES;
				SDKROOT = iphoneos;
			};
			name = Debug;
		};
		082516CB1CD0657B00B0E7B3 /* Release */ = {
			isa = XCBuildConfiguration;
			buildSettings = {
				ALWAYS_SEARCH_USER_PATHS = NO;
				CLANG_ANALYZER_NONNULL = YES;
				CLANG_CXX_LANGUAGE_STANDARD = "gnu++0x";
				CLANG_CXX_LIBRARY = "libc++";
				CLANG_ENABLE_MODULES = YES;
				CLANG_ENABLE_OBJC_ARC = YES;
				CLANG_WARN_BOOL_CONVERSION = YES;
				CLANG_WARN_CONSTANT_CONVERSION = YES;
				CLANG_WARN_DIRECT_OBJC_ISA_USAGE = YES_ERROR;
				CLANG_WARN_EMPTY_BODY = YES;
				CLANG_WARN_ENUM_CONVERSION = YES;
				CLANG_WARN_INT_CONVERSION = YES;
				CLANG_WARN_OBJC_ROOT_CLASS = YES_ERROR;
				CLANG_WARN_UNREACHABLE_CODE = YES;
				CLANG_WARN__DUPLICATE_METHOD_MATCH = YES;
				"CODE_SIGN_IDENTITY[sdk=iphoneos*]" = "iPhone Developer";
				COPY_PHASE_STRIP = NO;
				DEBUG_INFORMATION_FORMAT = "dwarf-with-dsym";
				ENABLE_NS_ASSERTIONS = NO;
				ENABLE_STRICT_OBJC_MSGSEND = YES;
				GCC_C_LANGUAGE_STANDARD = gnu99;
				GCC_NO_COMMON_BLOCKS = YES;
				GCC_WARN_64_TO_32_BIT_CONVERSION = YES;
				GCC_WARN_ABOUT_RETURN_TYPE = YES_ERROR;
				GCC_WARN_UNDECLARED_SELECTOR = YES;
				GCC_WARN_UNINITIALIZED_AUTOS = YES_AGGRESSIVE;
				GCC_WARN_UNUSED_FUNCTION = YES;
				GCC_WARN_UNUSED_VARIABLE = YES;
				IPHONEOS_DEPLOYMENT_TARGET = 9.3;
				MTL_ENABLE_DEBUG_INFO = NO;
				SDKROOT = iphoneos;
				VALIDATE_PRODUCT = YES;
			};
			name = Release;
		};
		082516CD1CD0657B00B0E7B3 /* Debug */ = {
			isa = XCBuildConfiguration;
			buildSettings = {
				ASSETCATALOG_COMPILER_APPICON_NAME = AppIcon;
				INFOPLIST_FILE = ScrollViewLayoutInPurecode/Info.plist;
				IPHONEOS_DEPLOYMENT_TARGET = 8.0;
				LD_RUNPATH_SEARCH_PATHS = "$(inherited) @executable_path/Frameworks";
				PRODUCT_BUNDLE_IDENTIFIER = AY.ScrollViewLayoutInPurecode;
				PRODUCT_NAME = "$(TARGET_NAME)";
			};
			name = Debug;
		};
		082516CE1CD0657B00B0E7B3 /* Release */ = {
			isa = XCBuildConfiguration;
			buildSettings = {
				ASSETCATALOG_COMPILER_APPICON_NAME = AppIcon;
				INFOPLIST_FILE = ScrollViewLayoutInPurecode/Info.plist;
				IPHONEOS_DEPLOYMENT_TARGET = 8.0;
				LD_RUNPATH_SEARCH_PATHS = "$(inherited) @executable_path/Frameworks";
				PRODUCT_BUNDLE_IDENTIFIER = AY.ScrollViewLayoutInPurecode;
				PRODUCT_NAME = "$(TARGET_NAME)";
			};
			name = Release;
		};
/* End XCBuildConfiguration section */

/* Begin XCConfigurationList section */
		082516B01CD0657B00B0E7B3 /* Build configuration list for PBXProject "ScrollViewLayoutInPurecode" */ = {
			isa = XCConfigurationList;
			buildConfigurations = (
				082516CA1CD0657B00B0E7B3 /* Debug */,
				082516CB1CD0657B00B0E7B3 /* Release */,
			);
			defaultConfigurationIsVisible = 0;
			defaultConfigurationName = Release;
		};
		082516CC1CD0657B00B0E7B3 /* Build configuration list for PBXNativeTarget "ScrollViewLayoutInPurecode" */ = {
			isa = XCConfigurationList;
			buildConfigurations = (
				082516CD1CD0657B00B0E7B3 /* Debug */,
				082516CE1CD0657B00B0E7B3 /* Release */,
			);
			defaultConfigurationIsVisible = 0;
		};
/* End XCConfigurationList section */
	};
	rootObject = 082516AD1CD0657B00B0E7B3 /* Project object */;
}
